
Microsoft Visual Studio Solution File, Format Version 12.00
# Visual Studio Version 16
VisualStudioVersion = 16.0.30717.126
MinimumVisualStudioVersion = 10.0.40219.1
Project("{9A19103F-16F7-4668-BE54-9A1E7A4F7556}") = "AspNetCoreProxy", "AspNetCoreProxy\AspNetCoreProxy.csproj", "{0F844D81-89B9-4043-B258-C11CD80DF9B2}"
EndProject
Project("{2150E333-8FDC-42A3-9474-1A3956D46DE8}") = "Solution Items", "Solution Items", "{E61BBD16-9DA8-41B8-A5D4-D2E1B8EE8B0F}"
	ProjectSection(SolutionItems) = preProject
		README.md = README.md
	EndProjectSection
EndProject
Project("{9A19103F-16F7-4668-BE54-9A1E7A4F7556}") = "LegacyApi", "LegacyApi\LegacyApi.csproj", "{0464F063-D5A0-4F72-B0A5-1F633952541C}"
EndProject
Project("{9A19103F-16F7-4668-BE54-9A1E7A4F7556}") = "UIApp", "UiApp\UIApp.csproj", "{C4DF0D17-98FE-4C62-9387-22D36F5339F4}"
EndProject
Global
	GlobalSection(SolutionConfigurationPlatforms) = preSolution
		Debug|Any CPU = Debug|Any CPU
		Release|Any CPU = Release|Any CPU
	EndGlobalSection
	GlobalSection(ProjectConfigurationPlatforms) = postSolution
		{0F844D81-89B9-4043-B258-C11CD80DF9B2}.Debug|Any CPU.ActiveCfg = Debug|Any CPU
		{0F844D81-89B9-4043-B258-C11CD80DF9B2}.Debug|Any CPU.Build.0 = Debug|Any CPU
		{0F844D81-89B9-4043-B258-C11CD80DF9B2}.Release|Any CPU.ActiveCfg = Release|Any CPU
		{0F844D81-89B9-4043-B258-C11CD80DF9B2}.Release|Any CPU.Build.0 = Release|Any CPU
		{0464F063-D5A0-4F72-B0A5-1F633952541C}.Debug|Any CPU.ActiveCfg = Debug|Any CPU
		{0464F063-D5A0-4F72-B0A5-1F633952541C}.Debug|Any CPU.Build.0 = Debug|Any CPU
		{0464F063-D5A0-4F72-B0A5-1F633952541C}.Release|Any CPU.ActiveCfg = Release|Any CPU
		{0464F063-D5A0-4F72-B0A5-1F633952541C}.Release|Any CPU.Build.0 = Release|Any CPU
		{C4DF0D17-98FE-4C62-9387-22D36F5339F4}.Debug|Any CPU.ActiveCfg = Debug|Any CPU
		{C4DF0D17-98FE-4C62-9387-22D36F5339F4}.Debug|Any CPU.Build.0 = Debug|Any CPU
		{C4DF0D17-98FE-4C62-9387-22D36F5339F4}.Release|Any CPU.ActiveCfg = Release|Any CPU
		{C4DF0D17-98FE-4C62-9387-22D36F5339F4}.Release|Any CPU.Build.0 = Release|Any CPU
	EndGlobalSection
	GlobalSection(SolutionProperties) = preSolution
		HideSolutionNode = FALSE
	EndGlobalSection
	GlobalSection(ExtensibilityGlobals) = postSolution
		SolutionGuid = {B7B0E9DA-3ACD-4D8F-88F2-FE1A9E8F1D9D}
	EndGlobalSection
EndGlobal
